
Microsoft Visual Studio Solution File, Format Version 12.00
# Visual Studio Version 16
VisualStudioVersion = 16.0.32802.440
MinimumVisualStudioVersion = 10.0.40219.1
Project("{FAE04EC0-301F-11D3-BF4B-00C04F79EFBC}") = "ParthsBookStore", "ParthsBookStore\ParthsBookStore.csproj", "{6AFED102-08DD-4D6F-86ED-FEE96176608E}"
EndProject
Global
	GlobalSection(SolutionConfigurationPlatforms) = preSolution
		Debug|Any CPU = Debug|Any CPU
		Release|Any CPU = Release|Any CPU
	EndGlobalSection
	GlobalSection(ProjectConfigurationPlatforms) = postSolution
		{6AFED102-08DD-4D6F-86ED-FEE96176608E}.Debug|Any CPU.ActiveCfg = Debug|Any CPU
		{6AFED102-08DD-4D6F-86ED-FEE96176608E}.Debug|Any CPU.Build.0 = Debug|Any CPU
		{6AFED102-08DD-4D6F-86ED-FEE96176608E}.Release|Any CPU.ActiveCfg = Release|Any CPU
		{6AFED102-08DD-4D6F-86ED-FEE96176608E}.Release|Any CPU.Build.0 = Release|Any CPU
	EndGlobalSection
	GlobalSection(SolutionProperties) = preSolution
		HideSolutionNode = FALSE
	EndGlobalSection
	GlobalSection(ExtensibilityGlobals) = postSolution
		SolutionGuid = {E2710E64-7993-4F32-8189-0DCC510C4BD8}
	EndGlobalSection
EndGlobal
